// !$*UTF8*$!
{
	archiveVersion = 1;
	classes = {
	};
	objectVersion = 55;
	objects = {

/* Begin PBXBuildFile section */
		3919E0782837D02300E84CA3 /* Tests_iOS.swift in Sources */ = {isa = PBXBuildFile; fileRef = 3919E0772837D02300E84CA3 /* Tests_iOS.swift */; };
		3919E07A2837D02300E84CA3 /* Tests_iOSLaunchTests.swift in Sources */ = {isa = PBXBuildFile; fileRef = 3919E0792837D02300E84CA3 /* Tests_iOSLaunchTests.swift */; };
		3919E0842837D02300E84CA3 /* Tests_macOS.swift in Sources */ = {isa = PBXBuildFile; fileRef = 3919E0832837D02300E84CA3 /* Tests_macOS.swift */; };
		3919E0862837D02300E84CA3 /* Tests_macOSLaunchTests.swift in Sources */ = {isa = PBXBuildFile; fileRef = 3919E0852837D02300E84CA3 /* Tests_macOSLaunchTests.swift */; };
		3919E0872837D02300E84CA3 /* CleanUVApp.swift in Sources */ = {isa = PBXBuildFile; fileRef = 3919E05F2837D02200E84CA3 /* CleanUVApp.swift */; };
		3919E0882837D02300E84CA3 /* CleanUVApp.swift in Sources */ = {isa = PBXBuildFile; fileRef = 3919E05F2837D02200E84CA3 /* CleanUVApp.swift */; };
		3919E0892837D02300E84CA3 /* ContentView.swift in Sources */ = {isa = PBXBuildFile; fileRef = 3919E0602837D02200E84CA3 /* ContentView.swift */; };
		3919E08A2837D02300E84CA3 /* ContentView.swift in Sources */ = {isa = PBXBuildFile; fileRef = 3919E0602837D02200E84CA3 /* ContentView.swift */; };
		3919E08B2837D02300E84CA3 /* Assets.xcassets in Resources */ = {isa = PBXBuildFile; fileRef = 3919E0612837D02300E84CA3 /* Assets.xcassets */; };
		3919E08C2837D02300E84CA3 /* Assets.xcassets in Resources */ = {isa = PBXBuildFile; fileRef = 3919E0612837D02300E84CA3 /* Assets.xcassets */; };
		3919E09C2837D1FC00E84CA3 /* GoogleService-Info.plist in Resources */ = {isa = PBXBuildFile; fileRef = 3919E09B2837D1FC00E84CA3 /* GoogleService-Info.plist */; };
		3919E09D2837D1FC00E84CA3 /* GoogleService-Info.plist in Resources */ = {isa = PBXBuildFile; fileRef = 3919E09B2837D1FC00E84CA3 /* GoogleService-Info.plist */; };
		3919E0A22837D80B00E84CA3 /* FirebaseAnalytics in Frameworks */ = {isa = PBXBuildFile; productRef = 3919E0A12837D80B00E84CA3 /* FirebaseAnalytics */; };
		3919E0A42837D80B00E84CA3 /* FirebaseAnalyticsSwift in Frameworks */ = {isa = PBXBuildFile; productRef = 3919E0A32837D80B00E84CA3 /* FirebaseAnalyticsSwift */; };
		3919E0A62837D80B00E84CA3 /* FirebaseAnalyticsWithoutAdIdSupport in Frameworks */ = {isa = PBXBuildFile; productRef = 3919E0A52837D80B00E84CA3 /* FirebaseAnalyticsWithoutAdIdSupport */; };
		3919E0A82837D80B00E84CA3 /* FirebaseAuth in Frameworks */ = {isa = PBXBuildFile; productRef = 3919E0A72837D80B00E84CA3 /* FirebaseAuth */; };
		3919E0AA2837D80B00E84CA3 /* FirebaseAuthCombine-Community in Frameworks */ = {isa = PBXBuildFile; productRef = 3919E0A92837D80B00E84CA3 /* FirebaseAuthCombine-Community */; };
		3919E0AC2837D80B00E84CA3 /* FirebaseDatabase in Frameworks */ = {isa = PBXBuildFile; productRef = 3919E0AB2837D80B00E84CA3 /* FirebaseDatabase */; };
		3919E0AE2837D80B00E84CA3 /* FirebaseDatabaseSwift in Frameworks */ = {isa = PBXBuildFile; productRef = 3919E0AD2837D80B00E84CA3 /* FirebaseDatabaseSwift */; };
		3919E0B02837D80B00E84CA3 /* FirebaseFirestore in Frameworks */ = {isa = PBXBuildFile; productRef = 3919E0AF2837D80B00E84CA3 /* FirebaseFirestore */; };
		3919E0B22837D80B00E84CA3 /* FirebaseFirestoreCombine-Community in Frameworks */ = {isa = PBXBuildFile; productRef = 3919E0B12837D80B00E84CA3 /* FirebaseFirestoreCombine-Community */; };
		3919E0B42837D80B00E84CA3 /* FirebaseFirestoreSwift in Frameworks */ = {isa = PBXBuildFile; productRef = 3919E0B32837D80B00E84CA3 /* FirebaseFirestoreSwift */; };
		3919E0B92837DC9100E84CA3 /* AthenticationFirebaseDataSource.swift in Sources */ = {isa = PBXBuildFile; fileRef = 3919E0B82837DC9100E84CA3 /* AthenticationFirebaseDataSource.swift */; };
		3919E0BA2837DC9100E84CA3 /* AthenticationFirebaseDataSource.swift in Sources */ = {isa = PBXBuildFile; fileRef = 3919E0B82837DC9100E84CA3 /* AthenticationFirebaseDataSource.swift */; };
		3919E0BF2837E5D800E84CA3 /* AuthenticationViewModel.swift in Sources */ = {isa = PBXBuildFile; fileRef = 3919E0BE2837E5D800E84CA3 /* AuthenticationViewModel.swift */; };
		3919E0C02837E5D800E84CA3 /* AuthenticationViewModel.swift in Sources */ = {isa = PBXBuildFile; fileRef = 3919E0BE2837E5D800E84CA3 /* AuthenticationViewModel.swift */; };
		3919E0C52837EE0B00E84CA3 /* AuthenticationRepository.swift in Sources */ = {isa = PBXBuildFile; fileRef = 3919E0C42837EE0B00E84CA3 /* AuthenticationRepository.swift */; };
		3919E0C62837EE0B00E84CA3 /* AuthenticationRepository.swift in Sources */ = {isa = PBXBuildFile; fileRef = 3919E0C42837EE0B00E84CA3 /* AuthenticationRepository.swift */; };
		3919E0C82837F12D00E84CA3 /* LoginView.swift in Sources */ = {isa = PBXBuildFile; fileRef = 3919E0C72837F12D00E84CA3 /* LoginView.swift */; };
		3919E0C92837F12D00E84CA3 /* LoginView.swift in Sources */ = {isa = PBXBuildFile; fileRef = 3919E0C72837F12D00E84CA3 /* LoginView.swift */; };
		392B84D928411FA4009B0424 /* AppView.swift in Sources */ = {isa = PBXBuildFile; fileRef = 392B84D828411FA4009B0424 /* AppView.swift */; };
		392B84DA28411FA4009B0424 /* AppView.swift in Sources */ = {isa = PBXBuildFile; fileRef = 392B84D828411FA4009B0424 /* AppView.swift */; };
		39DC595D283AAC7F007D26ED /* EmailRegisterView.swift in Sources */ = {isa = PBXBuildFile; fileRef = 39DC595C283AAC7F007D26ED /* EmailRegisterView.swift */; };
		39DC595E283AAC7F007D26ED /* EmailRegisterView.swift in Sources */ = {isa = PBXBuildFile; fileRef = 39DC595C283AAC7F007D26ED /* EmailRegisterView.swift */; };
		39DC5960283AAC9F007D26ED /* LoginEmailView.swift in Sources */ = {isa = PBXBuildFile; fileRef = 39DC595F283AAC9F007D26ED /* LoginEmailView.swift */; };
		39DC5961283AAC9F007D26ED /* LoginEmailView.swift in Sources */ = {isa = PBXBuildFile; fileRef = 39DC595F283AAC9F007D26ED /* LoginEmailView.swift */; };
		39DC5963283AAED0007D26ED /* DiscardView.swift in Sources */ = {isa = PBXBuildFile; fileRef = 39DC5962283AAED0007D26ED /* DiscardView.swift */; };
		39DC5964283AAED0007D26ED /* DiscardView.swift in Sources */ = {isa = PBXBuildFile; fileRef = 39DC5962283AAED0007D26ED /* DiscardView.swift */; };
		BAA35521284AD01A00A1069B /* Bluetooth.swift in Sources */ = {isa = PBXBuildFile; fileRef = BAA35520284AD01A00A1069B /* Bluetooth.swift */; };
		BAA35522284AD01A00A1069B /* Bluetooth.swift in Sources */ = {isa = PBXBuildFile; fileRef = BAA35520284AD01A00A1069B /* Bluetooth.swift */; };
		BAA35524284AD7F500A1069B /* ScanView.swift in Sources */ = {isa = PBXBuildFile; fileRef = BAA35523284AD7F500A1069B /* ScanView.swift */; };
		BAA35525284AD7F500A1069B /* ScanView.swift in Sources */ = {isa = PBXBuildFile; fileRef = BAA35523284AD7F500A1069B /* ScanView.swift */; };
/* End PBXBuildFile section */

/* Begin PBXContainerItemProxy section */
		3919E0742837D02300E84CA3 /* PBXContainerItemProxy */ = {
			isa = PBXContainerItemProxy;
			containerPortal = 3919E05A2837D02200E84CA3 /* Project object */;
			proxyType = 1;
			remoteGlobalIDString = 3919E0652837D02300E84CA3;
			remoteInfo = "CleanUV (iOS)";
		};
		3919E0802837D02300E84CA3 /* PBXContainerItemProxy */ = {
			isa = PBXContainerItemProxy;
			containerPortal = 3919E05A2837D02200E84CA3 /* Project object */;
			proxyType = 1;
			remoteGlobalIDString = 3919E06B2837D02300E84CA3;
			remoteInfo = "CleanUV (macOS)";
		};
/* End PBXContainerItemProxy section */

/* Begin PBXFileReference section */
		3919E05F2837D02200E84CA3 /* CleanUVApp.swift */ = {isa = PBXFileReference; lastKnownFileType = sourcecode.swift; path = CleanUVApp.swift; sourceTree = "<group>"; };
		3919E0602837D02200E84CA3 /* ContentView.swift */ = {isa = PBXFileReference; lastKnownFileType = sourcecode.swift; path = ContentView.swift; sourceTree = "<group>"; };
		3919E0612837D02300E84CA3 /* Assets.xcassets */ = {isa = PBXFileReference; lastKnownFileType = folder.assetcatalog; path = Assets.xcassets; sourceTree = "<group>"; };
		3919E0662837D02300E84CA3 /* CleanUV.app */ = {isa = PBXFileReference; explicitFileType = wrapper.application; includeInIndex = 0; path = CleanUV.app; sourceTree = BUILT_PRODUCTS_DIR; };
		3919E06C2837D02300E84CA3 /* CleanUV.app */ = {isa = PBXFileReference; explicitFileType = wrapper.application; includeInIndex = 0; path = CleanUV.app; sourceTree = BUILT_PRODUCTS_DIR; };
		3919E06E2837D02300E84CA3 /* macOS.entitlements */ = {isa = PBXFileReference; lastKnownFileType = text.plist.entitlements; path = macOS.entitlements; sourceTree = "<group>"; };
		3919E0732837D02300E84CA3 /* Tests iOS.xctest */ = {isa = PBXFileReference; explicitFileType = wrapper.cfbundle; includeInIndex = 0; path = "Tests iOS.xctest"; sourceTree = BUILT_PRODUCTS_DIR; };
		3919E0772837D02300E84CA3 /* Tests_iOS.swift */ = {isa = PBXFileReference; lastKnownFileType = sourcecode.swift; path = Tests_iOS.swift; sourceTree = "<group>"; };
		3919E0792837D02300E84CA3 /* Tests_iOSLaunchTests.swift */ = {isa = PBXFileReference; lastKnownFileType = sourcecode.swift; path = Tests_iOSLaunchTests.swift; sourceTree = "<group>"; };
		3919E07F2837D02300E84CA3 /* Tests macOS.xctest */ = {isa = PBXFileReference; explicitFileType = wrapper.cfbundle; includeInIndex = 0; path = "Tests macOS.xctest"; sourceTree = BUILT_PRODUCTS_DIR; };
		3919E0832837D02300E84CA3 /* Tests_macOS.swift */ = {isa = PBXFileReference; lastKnownFileType = sourcecode.swift; path = Tests_macOS.swift; sourceTree = "<group>"; };
		3919E0852837D02300E84CA3 /* Tests_macOSLaunchTests.swift */ = {isa = PBXFileReference; lastKnownFileType = sourcecode.swift; path = Tests_macOSLaunchTests.swift; sourceTree = "<group>"; };
		3919E09B2837D1FC00E84CA3 /* GoogleService-Info.plist */ = {isa = PBXFileReference; fileEncoding = 4; lastKnownFileType = text.plist.xml; path = "GoogleService-Info.plist"; sourceTree = "<group>"; };
		3919E0B82837DC9100E84CA3 /* AthenticationFirebaseDataSource.swift */ = {isa = PBXFileReference; lastKnownFileType = sourcecode.swift; path = AthenticationFirebaseDataSource.swift; sourceTree = "<group>"; };
		3919E0BE2837E5D800E84CA3 /* AuthenticationViewModel.swift */ = {isa = PBXFileReference; lastKnownFileType = sourcecode.swift; path = AuthenticationViewModel.swift; sourceTree = "<group>"; };
		3919E0C42837EE0B00E84CA3 /* AuthenticationRepository.swift */ = {isa = PBXFileReference; lastKnownFileType = sourcecode.swift; path = AuthenticationRepository.swift; sourceTree = "<group>"; };
		3919E0C72837F12D00E84CA3 /* LoginView.swift */ = {isa = PBXFileReference; lastKnownFileType = sourcecode.swift; path = LoginView.swift; sourceTree = "<group>"; };
		392B84D828411FA4009B0424 /* AppView.swift */ = {isa = PBXFileReference; lastKnownFileType = sourcecode.swift; path = AppView.swift; sourceTree = "<group>"; };
		39DC595C283AAC7F007D26ED /* EmailRegisterView.swift */ = {isa = PBXFileReference; lastKnownFileType = sourcecode.swift; path = EmailRegisterView.swift; sourceTree = "<group>"; };
		39DC595F283AAC9F007D26ED /* LoginEmailView.swift */ = {isa = PBXFileReference; lastKnownFileType = sourcecode.swift; path = LoginEmailView.swift; sourceTree = "<group>"; };
		39DC5962283AAED0007D26ED /* DiscardView.swift */ = {isa = PBXFileReference; lastKnownFileType = sourcecode.swift; path = DiscardView.swift; sourceTree = "<group>"; };
		BAA35520284AD01A00A1069B /* Bluetooth.swift */ = {isa = PBXFileReference; lastKnownFileType = sourcecode.swift; path = Bluetooth.swift; sourceTree = "<group>"; };
		BAA35523284AD7F500A1069B /* ScanView.swift */ = {isa = PBXFileReference; lastKnownFileType = sourcecode.swift; path = ScanView.swift; sourceTree = "<group>"; };
/* End PBXFileReference section */

/* Begin PBXFrameworksBuildPhase section */
		3919E0632837D02300E84CA3 /* Frameworks */ = {
			isa = PBXFrameworksBuildPhase;
			buildActionMask = 2147483647;
			files = (
				3919E0AE2837D80B00E84CA3 /* FirebaseDatabaseSwift in Frameworks */,
				3919E0AC2837D80B00E84CA3 /* FirebaseDatabase in Frameworks */,
				3919E0A42837D80B00E84CA3 /* FirebaseAnalyticsSwift in Frameworks */,
				3919E0B22837D80B00E84CA3 /* FirebaseFirestoreCombine-Community in Frameworks */,
				3919E0A62837D80B00E84CA3 /* FirebaseAnalyticsWithoutAdIdSupport in Frameworks */,
				3919E0B42837D80B00E84CA3 /* FirebaseFirestoreSwift in Frameworks */,
				3919E0A22837D80B00E84CA3 /* FirebaseAnalytics in Frameworks */,
				3919E0B02837D80B00E84CA3 /* FirebaseFirestore in Frameworks */,
				3919E0A82837D80B00E84CA3 /* FirebaseAuth in Frameworks */,
				3919E0AA2837D80B00E84CA3 /* FirebaseAuthCombine-Community in Frameworks */,
			);
			runOnlyForDeploymentPostprocessing = 0;
		};
		3919E0692837D02300E84CA3 /* Frameworks */ = {
			isa = PBXFrameworksBuildPhase;
			buildActionMask = 2147483647;
			files = (
			);
			runOnlyForDeploymentPostprocessing = 0;
		};
		3919E0702837D02300E84CA3 /* Frameworks */ = {
			isa = PBXFrameworksBuildPhase;
			buildActionMask = 2147483647;
			files = (
			);
			runOnlyForDeploymentPostprocessing = 0;
		};
		3919E07C2837D02300E84CA3 /* Frameworks */ = {
			isa = PBXFrameworksBuildPhase;
			buildActionMask = 2147483647;
			files = (
			);
			runOnlyForDeploymentPostprocessing = 0;
		};
/* End PBXFrameworksBuildPhase section */

/* Begin PBXGroup section */
		3919E0592837D02200E84CA3 = {
			isa = PBXGroup;
			children = (
				3919E05E2837D02200E84CA3 /* Shared */,
				3919E06D2837D02300E84CA3 /* macOS */,
				3919E0762837D02300E84CA3 /* Tests iOS */,
				3919E0822837D02300E84CA3 /* Tests macOS */,
				3919E0672837D02300E84CA3 /* Products */,
			);
			sourceTree = "<group>";
		};
		3919E05E2837D02200E84CA3 /* Shared */ = {
			isa = PBXGroup;
			children = (
				3919E05F2837D02200E84CA3 /* CleanUVApp.swift */,
				3919E0602837D02200E84CA3 /* ContentView.swift */,
				3919E0C72837F12D00E84CA3 /* LoginView.swift */,
				39DC595C283AAC7F007D26ED /* EmailRegisterView.swift */,
				39DC595F283AAC9F007D26ED /* LoginEmailView.swift */,
				3919E0B82837DC9100E84CA3 /* AthenticationFirebaseDataSource.swift */,
				3919E0C42837EE0B00E84CA3 /* AuthenticationRepository.swift */,
				3919E0BE2837E5D800E84CA3 /* AuthenticationViewModel.swift */,
				39DC5962283AAED0007D26ED /* DiscardView.swift */,
				392B84D828411FA4009B0424 /* AppView.swift */,
				3919E0612837D02300E84CA3 /* Assets.xcassets */,
				3919E09B2837D1FC00E84CA3 /* GoogleService-Info.plist */,
				BAA35520284AD01A00A1069B /* Bluetooth.swift */,
				BAA35523284AD7F500A1069B /* ScanView.swift */,
			);
			path = Shared;
			sourceTree = "<group>";
		};
		3919E0672837D02300E84CA3 /* Products */ = {
			isa = PBXGroup;
			children = (
				3919E0662837D02300E84CA3 /* CleanUV.app */,
				3919E06C2837D02300E84CA3 /* CleanUV.app */,
				3919E0732837D02300E84CA3 /* Tests iOS.xctest */,
				3919E07F2837D02300E84CA3 /* Tests macOS.xctest */,
			);
			name = Products;
			sourceTree = "<group>";
		};
		3919E06D2837D02300E84CA3 /* macOS */ = {
			isa = PBXGroup;
			children = (
				3919E06E2837D02300E84CA3 /* macOS.entitlements */,
			);
			path = macOS;
			sourceTree = "<group>";
		};
		3919E0762837D02300E84CA3 /* Tests iOS */ = {
			isa = PBXGroup;
			children = (
				3919E0772837D02300E84CA3 /* Tests_iOS.swift */,
				3919E0792837D02300E84CA3 /* Tests_iOSLaunchTests.swift */,
			);
			path = "Tests iOS";
			sourceTree = "<group>";
		};
		3919E0822837D02300E84CA3 /* Tests macOS */ = {
			isa = PBXGroup;
			children = (
				3919E0832837D02300E84CA3 /* Tests_macOS.swift */,
				3919E0852837D02300E84CA3 /* Tests_macOSLaunchTests.swift */,
			);
			path = "Tests macOS";
			sourceTree = "<group>";
		};
/* End PBXGroup section */

/* Begin PBXNativeTarget section */
		3919E0652837D02300E84CA3 /* CleanUV (iOS) */ = {
			isa = PBXNativeTarget;
			buildConfigurationList = 3919E08F2837D02300E84CA3 /* Build configuration list for PBXNativeTarget "CleanUV (iOS)" */;
			buildPhases = (
				3919E0622837D02300E84CA3 /* Sources */,
				3919E0632837D02300E84CA3 /* Frameworks */,
				3919E0642837D02300E84CA3 /* Resources */,
			);
			buildRules = (
			);
			dependencies = (
			);
			name = "CleanUV (iOS)";
			packageProductDependencies = (
				3919E0A12837D80B00E84CA3 /* FirebaseAnalytics */,
				3919E0A32837D80B00E84CA3 /* FirebaseAnalyticsSwift */,
				3919E0A52837D80B00E84CA3 /* FirebaseAnalyticsWithoutAdIdSupport */,
				3919E0A72837D80B00E84CA3 /* FirebaseAuth */,
				3919E0A92837D80B00E84CA3 /* FirebaseAuthCombine-Community */,
				3919E0AB2837D80B00E84CA3 /* FirebaseDatabase */,
				3919E0AD2837D80B00E84CA3 /* FirebaseDatabaseSwift */,
				3919E0AF2837D80B00E84CA3 /* FirebaseFirestore */,
				3919E0B12837D80B00E84CA3 /* FirebaseFirestoreCombine-Community */,
				3919E0B32837D80B00E84CA3 /* FirebaseFirestoreSwift */,
			);
			productName = "CleanUV (iOS)";
			productReference = 3919E0662837D02300E84CA3 /* CleanUV.app */;
			productType = "com.apple.product-type.application";
		};
		3919E06B2837D02300E84CA3 /* CleanUV (macOS) */ = {
			isa = PBXNativeTarget;
			buildConfigurationList = 3919E0922837D02300E84CA3 /* Build configuration list for PBXNativeTarget "CleanUV (macOS)" */;
			buildPhases = (
				3919E0682837D02300E84CA3 /* Sources */,
				3919E0692837D02300E84CA3 /* Frameworks */,
				3919E06A2837D02300E84CA3 /* Resources */,
			);
			buildRules = (
			);
			dependencies = (
			);
			name = "CleanUV (macOS)";
			productName = "CleanUV (macOS)";
			productReference = 3919E06C2837D02300E84CA3 /* CleanUV.app */;
			productType = "com.apple.product-type.application";
		};
		3919E0722837D02300E84CA3 /* Tests iOS */ = {
			isa = PBXNativeTarget;
			buildConfigurationList = 3919E0952837D02300E84CA3 /* Build configuration list for PBXNativeTarget "Tests iOS" */;
			buildPhases = (
				3919E06F2837D02300E84CA3 /* Sources */,
				3919E0702837D02300E84CA3 /* Frameworks */,
				3919E0712837D02300E84CA3 /* Resources */,
			);
			buildRules = (
			);
			dependencies = (
				3919E0752837D02300E84CA3 /* PBXTargetDependency */,
			);
			name = "Tests iOS";
			productName = "Tests iOS";
			productReference = 3919E0732837D02300E84CA3 /* Tests iOS.xctest */;
			productType = "com.apple.product-type.bundle.ui-testing";
		};
		3919E07E2837D02300E84CA3 /* Tests macOS */ = {
			isa = PBXNativeTarget;
			buildConfigurationList = 3919E0982837D02300E84CA3 /* Build configuration list for PBXNativeTarget "Tests macOS" */;
			buildPhases = (
				3919E07B2837D02300E84CA3 /* Sources */,
				3919E07C2837D02300E84CA3 /* Frameworks */,
				3919E07D2837D02300E84CA3 /* Resources */,
			);
			buildRules = (
			);
			dependencies = (
				3919E0812837D02300E84CA3 /* PBXTargetDependency */,
			);
			name = "Tests macOS";
			productName = "Tests macOS";
			productReference = 3919E07F2837D02300E84CA3 /* Tests macOS.xctest */;
			productType = "com.apple.product-type.bundle.ui-testing";
		};
/* End PBXNativeTarget section */

/* Begin PBXProject section */
		3919E05A2837D02200E84CA3 /* Project object */ = {
			isa = PBXProject;
			attributes = {
				BuildIndependentTargetsInParallel = 1;
				LastSwiftUpdateCheck = 1320;
				LastUpgradeCheck = 1320;
				ORGANIZATIONNAME = Ingrid;
				TargetAttributes = {
					3919E0652837D02300E84CA3 = {
						CreatedOnToolsVersion = 13.2.1;
					};
					3919E06B2837D02300E84CA3 = {
						CreatedOnToolsVersion = 13.2.1;
					};
					3919E0722837D02300E84CA3 = {
						CreatedOnToolsVersion = 13.2.1;
						TestTargetID = 3919E0652837D02300E84CA3;
					};
					3919E07E2837D02300E84CA3 = {
						CreatedOnToolsVersion = 13.2.1;
						TestTargetID = 3919E06B2837D02300E84CA3;
					};
				};
			};
			buildConfigurationList = 3919E05D2837D02200E84CA3 /* Build configuration list for PBXProject "CleanUV" */;
			compatibilityVersion = "Xcode 13.0";
			developmentRegion = en;
			hasScannedForEncodings = 0;
			knownRegions = (
				en,
				Base,
			);
			mainGroup = 3919E0592837D02200E84CA3;
			packageReferences = (
				3919E0A02837D80B00E84CA3 /* XCRemoteSwiftPackageReference "firebase-ios-sdk" */,
				BAA3551F284ACDCB00A1069B /* XCRemoteSwiftPackageReference "firebase-ios-sdk" */,
			);
			productRefGroup = 3919E0672837D02300E84CA3 /* Products */;
			projectDirPath = "";
			projectRoot = "";
			targets = (
				3919E0652837D02300E84CA3 /* CleanUV (iOS) */,
				3919E06B2837D02300E84CA3 /* CleanUV (macOS) */,
				3919E0722837D02300E84CA3 /* Tests iOS */,
				3919E07E2837D02300E84CA3 /* Tests macOS */,
			);
		};
/* End PBXProject section */

/* Begin PBXResourcesBuildPhase section */
		3919E0642837D02300E84CA3 /* Resources */ = {
			isa = PBXResourcesBuildPhase;
			buildActionMask = 2147483647;
			files = (
				3919E08B2837D02300E84CA3 /* Assets.xcassets in Resources */,
				3919E09C2837D1FC00E84CA3 /* GoogleService-Info.plist in Resources */,
			);
			runOnlyForDeploymentPostprocessing = 0;
		};
		3919E06A2837D02300E84CA3 /* Resources */ = {
			isa = PBXResourcesBuildPhase;
			buildActionMask = 2147483647;
			files = (
				3919E08C2837D02300E84CA3 /* Assets.xcassets in Resources */,
				3919E09D2837D1FC00E84CA3 /* GoogleService-Info.plist in Resources */,
			);
			runOnlyForDeploymentPostprocessing = 0;
		};
		3919E0712837D02300E84CA3 /* Resources */ = {
			isa = PBXResourcesBuildPhase;
			buildActionMask = 2147483647;
			files = (
			);
			runOnlyForDeploymentPostprocessing = 0;
		};
		3919E07D2837D02300E84CA3 /* Resources */ = {
			isa = PBXResourcesBuildPhase;
			buildActionMask = 2147483647;
			files = (
			);
			runOnlyForDeploymentPostprocessing = 0;
		};
/* End PBXResourcesBuildPhase section */

/* Begin PBXSourcesBuildPhase section */
		3919E0622837D02300E84CA3 /* Sources */ = {
			isa = PBXSourcesBuildPhase;
			buildActionMask = 2147483647;
			files = (
				39DC595D283AAC7F007D26ED /* EmailRegisterView.swift in Sources */,
				3919E0C82837F12D00E84CA3 /* LoginView.swift in Sources */,
				BAA35521284AD01A00A1069B /* Bluetooth.swift in Sources */,
				3919E0B92837DC9100E84CA3 /* AthenticationFirebaseDataSource.swift in Sources */,
				39DC5960283AAC9F007D26ED /* LoginEmailView.swift in Sources */,
				BAA35524284AD7F500A1069B /* ScanView.swift in Sources */,
				3919E0BF2837E5D800E84CA3 /* AuthenticationViewModel.swift in Sources */,
				39DC5963283AAED0007D26ED /* DiscardView.swift in Sources */,
				3919E0892837D02300E84CA3 /* ContentView.swift in Sources */,
				3919E0C52837EE0B00E84CA3 /* AuthenticationRepository.swift in Sources */,
				392B84D928411FA4009B0424 /* AppView.swift in Sources */,
				3919E0872837D02300E84CA3 /* CleanUVApp.swift in Sources */,
			);
			runOnlyForDeploymentPostprocessing = 0;
		};
		3919E0682837D02300E84CA3 /* Sources */ = {
			isa = PBXSourcesBuildPhase;
			buildActionMask = 2147483647;
			files = (
				39DC595E283AAC7F007D26ED /* EmailRegisterView.swift in Sources */,
				3919E0C92837F12D00E84CA3 /* LoginView.swift in Sources */,
				BAA35522284AD01A00A1069B /* Bluetooth.swift in Sources */,
				3919E0BA2837DC9100E84CA3 /* AthenticationFirebaseDataSource.swift in Sources */,
				39DC5961283AAC9F007D26ED /* LoginEmailView.swift in Sources */,
				BAA35525284AD7F500A1069B /* ScanView.swift in Sources */,
				3919E0C02837E5D800E84CA3 /* AuthenticationViewModel.swift in Sources */,
				39DC5964283AAED0007D26ED /* DiscardView.swift in Sources */,
				3919E08A2837D02300E84CA3 /* ContentView.swift in Sources */,
				3919E0C62837EE0B00E84CA3 /* AuthenticationRepository.swift in Sources */,
				392B84DA28411FA4009B0424 /* AppView.swift in Sources */,
				3919E0882837D02300E84CA3 /* CleanUVApp.swift in Sources */,
			);
			runOnlyForDeploymentPostprocessing = 0;
		};
		3919E06F2837D02300E84CA3 /* Sources */ = {
			isa = PBXSourcesBuildPhase;
			buildActionMask = 2147483647;
			files = (
				3919E07A2837D02300E84CA3 /* Tests_iOSLaunchTests.swift in Sources */,
				3919E0782837D02300E84CA3 /* Tests_iOS.swift in Sources */,
			);
			runOnlyForDeploymentPostprocessing = 0;
		};
		3919E07B2837D02300E84CA3 /* Sources */ = {
			isa = PBXSourcesBuildPhase;
			buildActionMask = 2147483647;
			files = (
				3919E0862837D02300E84CA3 /* Tests_macOSLaunchTests.swift in Sources */,
				3919E0842837D02300E84CA3 /* Tests_macOS.swift in Sources */,
			);
			runOnlyForDeploymentPostprocessing = 0;
		};
/* End PBXSourcesBuildPhase section */

/* Begin PBXTargetDependency section */
		3919E0752837D02300E84CA3 /* PBXTargetDependency */ = {
			isa = PBXTargetDependency;
			target = 3919E0652837D02300E84CA3 /* CleanUV (iOS) */;
			targetProxy = 3919E0742837D02300E84CA3 /* PBXContainerItemProxy */;
		};
		3919E0812837D02300E84CA3 /* PBXTargetDependency */ = {
			isa = PBXTargetDependency;
			target = 3919E06B2837D02300E84CA3 /* CleanUV (macOS) */;
			targetProxy = 3919E0802837D02300E84CA3 /* PBXContainerItemProxy */;
		};
/* End PBXTargetDependency section */

/* Begin XCBuildConfiguration section */
		3919E08D2837D02300E84CA3 /* Debug */ = {
			isa = XCBuildConfiguration;
			buildSettings = {
				ALWAYS_SEARCH_USER_PATHS = NO;
				CLANG_ANALYZER_NONNULL = YES;
				CLANG_ANALYZER_NUMBER_OBJECT_CONVERSION = YES_AGGRESSIVE;
				CLANG_CXX_LANGUAGE_STANDARD = "gnu++17";
				CLANG_CXX_LIBRARY = "libc++";
				CLANG_ENABLE_MODULES = YES;
				CLANG_ENABLE_OBJC_ARC = YES;
				CLANG_ENABLE_OBJC_WEAK = YES;
				CLANG_WARN_BLOCK_CAPTURE_AUTORELEASING = YES;
				CLANG_WARN_BOOL_CONVERSION = YES;
				CLANG_WARN_COMMA = YES;
				CLANG_WARN_CONSTANT_CONVERSION = YES;
				CLANG_WARN_DEPRECATED_OBJC_IMPLEMENTATIONS = YES;
				CLANG_WARN_DIRECT_OBJC_ISA_USAGE = YES_ERROR;
				CLANG_WARN_DOCUMENTATION_COMMENTS = YES;
				CLANG_WARN_EMPTY_BODY = YES;
				CLANG_WARN_ENUM_CONVERSION = YES;
				CLANG_WARN_INFINITE_RECURSION = YES;
				CLANG_WARN_INT_CONVERSION = YES;
				CLANG_WARN_NON_LITERAL_NULL_CONVERSION = YES;
				CLANG_WARN_OBJC_IMPLICIT_RETAIN_SELF = YES;
				CLANG_WARN_OBJC_LITERAL_CONVERSION = YES;
				CLANG_WARN_OBJC_ROOT_CLASS = YES_ERROR;
				CLANG_WARN_QUOTED_INCLUDE_IN_FRAMEWORK_HEADER = YES;
				CLANG_WARN_RANGE_LOOP_ANALYSIS = YES;
				CLANG_WARN_STRICT_PROTOTYPES = YES;
				CLANG_WARN_SUSPICIOUS_MOVE = YES;
				CLANG_WARN_UNGUARDED_AVAILABILITY = YES_AGGRESSIVE;
				CLANG_WARN_UNREACHABLE_CODE = YES;
				CLANG_WARN__DUPLICATE_METHOD_MATCH = YES;
				COPY_PHASE_STRIP = NO;
				DEBUG_INFORMATION_FORMAT = dwarf;
				ENABLE_STRICT_OBJC_MSGSEND = YES;
				ENABLE_TESTABILITY = YES;
				GCC_C_LANGUAGE_STANDARD = gnu11;
				GCC_DYNAMIC_NO_PIC = NO;
				GCC_NO_COMMON_BLOCKS = YES;
				GCC_OPTIMIZATION_LEVEL = 0;
				GCC_PREPROCESSOR_DEFINITIONS = (
					"DEBUG=1",
					"$(inherited)",
				);
				GCC_WARN_64_TO_32_BIT_CONVERSION = YES;
				GCC_WARN_ABOUT_RETURN_TYPE = YES_ERROR;
				GCC_WARN_UNDECLARED_SELECTOR = YES;
				GCC_WARN_UNINITIALIZED_AUTOS = YES_AGGRESSIVE;
				GCC_WARN_UNUSED_FUNCTION = YES;
				GCC_WARN_UNUSED_VARIABLE = YES;
				MTL_ENABLE_DEBUG_INFO = INCLUDE_SOURCE;
				MTL_FAST_MATH = YES;
				ONLY_ACTIVE_ARCH = YES;
				SWIFT_ACTIVE_COMPILATION_CONDITIONS = DEBUG;
				SWIFT_OPTIMIZATION_LEVEL = "-Onone";
			};
			name = Debug;
		};
		3919E08E2837D02300E84CA3 /* Release */ = {
			isa = XCBuildConfiguration;
			buildSettings = {
				ALWAYS_SEARCH_USER_PATHS = NO;
				CLANG_ANALYZER_NONNULL = YES;
				CLANG_ANALYZER_NUMBER_OBJECT_CONVERSION = YES_AGGRESSIVE;
				CLANG_CXX_LANGUAGE_STANDARD = "gnu++17";
				CLANG_CXX_LIBRARY = "libc++";
				CLANG_ENABLE_MODULES = YES;
				CLANG_ENABLE_OBJC_ARC = YES;
				CLANG_ENABLE_OBJC_WEAK = YES;
				CLANG_WARN_BLOCK_CAPTURE_AUTORELEASING = YES;
				CLANG_WARN_BOOL_CONVERSION = YES;
				CLANG_WARN_COMMA = YES;
				CLANG_WARN_CONSTANT_CONVERSION = YES;
				CLANG_WARN_DEPRECATED_OBJC_IMPLEMENTATIONS = YES;
				CLANG_WARN_DIRECT_OBJC_ISA_USAGE = YES_ERROR;
				CLANG_WARN_DOCUMENTATION_COMMENTS = YES;
				CLANG_WARN_EMPTY_BODY = YES;
				CLANG_WARN_ENUM_CONVERSION = YES;
				CLANG_WARN_INFINITE_RECURSION = YES;
				CLANG_WARN_INT_CONVERSION = YES;
				CLANG_WARN_NON_LITERAL_NULL_CONVERSION = YES;
				CLANG_WARN_OBJC_IMPLICIT_RETAIN_SELF = YES;
				CLANG_WARN_OBJC_LITERAL_CONVERSION = YES;
				CLANG_WARN_OBJC_ROOT_CLASS = YES_ERROR;
				CLANG_WARN_QUOTED_INCLUDE_IN_FRAMEWORK_HEADER = YES;
				CLANG_WARN_RANGE_LOOP_ANALYSIS = YES;
				CLANG_WARN_STRICT_PROTOTYPES = YES;
				CLANG_WARN_SUSPICIOUS_MOVE = YES;
				CLANG_WARN_UNGUARDED_AVAILABILITY = YES_AGGRESSIVE;
				CLANG_WARN_UNREACHABLE_CODE = YES;
				CLANG_WARN__DUPLICATE_METHOD_MATCH = YES;
				COPY_PHASE_STRIP = NO;
				DEBUG_INFORMATION_FORMAT = "dwarf-with-dsym";
				ENABLE_NS_ASSERTIONS = NO;
				ENABLE_STRICT_OBJC_MSGSEND = YES;
				GCC_C_LANGUAGE_STANDARD = gnu11;
				GCC_NO_COMMON_BLOCKS = YES;
				GCC_WARN_64_TO_32_BIT_CONVERSION = YES;
				GCC_WARN_ABOUT_RETURN_TYPE = YES_ERROR;
				GCC_WARN_UNDECLARED_SELECTOR = YES;
				GCC_WARN_UNINITIALIZED_AUTOS = YES_AGGRESSIVE;
				GCC_WARN_UNUSED_FUNCTION = YES;
				GCC_WARN_UNUSED_VARIABLE = YES;
				MTL_ENABLE_DEBUG_INFO = NO;
				MTL_FAST_MATH = YES;
				SWIFT_COMPILATION_MODE = wholemodule;
				SWIFT_OPTIMIZATION_LEVEL = "-O";
			};
			name = Release;
		};
		3919E0902837D02300E84CA3 /* Debug */ = {
			isa = XCBuildConfiguration;
			buildSettings = {
				ASSETCATALOG_COMPILER_APPICON_NAME = AppIcon;
				ASSETCATALOG_COMPILER_GLOBAL_ACCENT_COLOR_NAME = AccentColor;
				CODE_SIGN_STYLE = Automatic;
				CURRENT_PROJECT_VERSION = 1;
				ENABLE_PREVIEWS = YES;
				GENERATE_INFOPLIST_FILE = YES;
				INFOPLIST_KEY_NSBluetoothAlwaysUsageDescription = "$(PRODUCT_NAME) requests access to connect to any CleanUV drone";
				INFOPLIST_KEY_UIApplicationSceneManifest_Generation = YES;
				INFOPLIST_KEY_UIApplicationSupportsIndirectInputEvents = YES;
				INFOPLIST_KEY_UILaunchScreen_Generation = YES;
				INFOPLIST_KEY_UISupportedInterfaceOrientations_iPad = "UIInterfaceOrientationPortrait UIInterfaceOrientationPortraitUpsideDown UIInterfaceOrientationLandscapeLeft UIInterfaceOrientationLandscapeRight";
				INFOPLIST_KEY_UISupportedInterfaceOrientations_iPhone = "UIInterfaceOrientationPortrait UIInterfaceOrientationLandscapeLeft UIInterfaceOrientationLandscapeRight";
				IPHONEOS_DEPLOYMENT_TARGET = 15.2;
				LD_RUNPATH_SEARCH_PATHS = (
					"$(inherited)",
					"@executable_path/Frameworks",
				);
				MARKETING_VERSION = 1.0;
				PRODUCT_BUNDLE_IDENTIFIER = Ingrid.CleanUV;
				PRODUCT_NAME = CleanUV;
				SDKROOT = iphoneos;
				SWIFT_EMIT_LOC_STRINGS = YES;
				SWIFT_VERSION = 5.0;
				TARGETED_DEVICE_FAMILY = "1,2";
			};
			name = Debug;
		};
		3919E0912837D02300E84CA3 /* Release */ = {
			isa = XCBuildConfiguration;
			buildSettings = {
				ASSETCATALOG_COMPILER_APPICON_NAME = AppIcon;
				ASSETCATALOG_COMPILER_GLOBAL_ACCENT_COLOR_NAME = AccentColor;
				CODE_SIGN_STYLE = Automatic;
				CURRENT_PROJECT_VERSION = 1;
				ENABLE_PREVIEWS = YES;
				GENERATE_INFOPLIST_FILE = YES;
				INFOPLIST_KEY_NSBluetoothAlwaysUsageDescription = "$(PRODUCT_NAME) requests access to connect to any CleanUV drone";
				INFOPLIST_KEY_UIApplicationSceneManifest_Generation = YES;
				INFOPLIST_KEY_UIApplicationSupportsIndirectInputEvents = YES;
				INFOPLIST_KEY_UILaunchScreen_Generation = YES;
				INFOPLIST_KEY_UISupportedInterfaceOrientations_iPad = "UIInterfaceOrientationPortrait UIInterfaceOrientationPortraitUpsideDown UIInterfaceOrientationLandscapeLeft UIInterfaceOrientationLandscapeRight";
				INFOPLIST_KEY_UISupportedInterfaceOrientations_iPhone = "UIInterfaceOrientationPortrait UIInterfaceOrientationLandscapeLeft UIInterfaceOrientationLandscapeRight";
				IPHONEOS_DEPLOYMENT_TARGET = 15.2;
				LD_RUNPATH_SEARCH_PATHS = (
					"$(inherited)",
					"@executable_path/Frameworks",
				);
				MARKETING_VERSION = 1.0;
				PRODUCT_BUNDLE_IDENTIFIER = Ingrid.CleanUV;
				PRODUCT_NAME = CleanUV;
				SDKROOT = iphoneos;
				SWIFT_EMIT_LOC_STRINGS = YES;
				SWIFT_VERSION = 5.0;
				TARGETED_DEVICE_FAMILY = "1,2";
				VALIDATE_PRODUCT = YES;
			};
			name = Release;
		};
		3919E0932837D02300E84CA3 /* Debug */ = {
			isa = XCBuildConfiguration;
			buildSettings = {
				ASSETCATALOG_COMPILER_APPICON_NAME = AppIcon;
				ASSETCATALOG_COMPILER_GLOBAL_ACCENT_COLOR_NAME = AccentColor;
				CODE_SIGN_ENTITLEMENTS = macOS/macOS.entitlements;
				CODE_SIGN_STYLE = Automatic;
				COMBINE_HIDPI_IMAGES = YES;
				CURRENT_PROJECT_VERSION = 1;
				ENABLE_PREVIEWS = YES;
				GENERATE_INFOPLIST_FILE = YES;
				INFOPLIST_KEY_NSHumanReadableCopyright = "";
				LD_RUNPATH_SEARCH_PATHS = (
					"$(inherited)",
					"@executable_path/../Frameworks",
				);
				MACOSX_DEPLOYMENT_TARGET = 11.6;
				MARKETING_VERSION = 1.0;
				PRODUCT_BUNDLE_IDENTIFIER = Ingrid.CleanUV;
				PRODUCT_NAME = CleanUV;
				SDKROOT = macosx;
				SWIFT_EMIT_LOC_STRINGS = YES;
				SWIFT_VERSION = 5.0;
			};
			name = Debug;
		};
		3919E0942837D02300E84CA3 /* Release */ = {
			isa = XCBuildConfiguration;
			buildSettings = {
				ASSETCATALOG_COMPILER_APPICON_NAME = AppIcon;
				ASSETCATALOG_COMPILER_GLOBAL_ACCENT_COLOR_NAME = AccentColor;
				CODE_SIGN_ENTITLEMENTS = macOS/macOS.entitlements;
				CODE_SIGN_STYLE = Automatic;
				COMBINE_HIDPI_IMAGES = YES;
				CURRENT_PROJECT_VERSION = 1;
				ENABLE_PREVIEWS = YES;
				GENERATE_INFOPLIST_FILE = YES;
				INFOPLIST_KEY_NSHumanReadableCopyright = "";
				LD_RUNPATH_SEARCH_PATHS = (
					"$(inherited)",
					"@executable_path/../Frameworks",
				);
				MACOSX_DEPLOYMENT_TARGET = 11.6;
				MARKETING_VERSION = 1.0;
				PRODUCT_BUNDLE_IDENTIFIER = Ingrid.CleanUV;
				PRODUCT_NAME = CleanUV;
				SDKROOT = macosx;
				SWIFT_EMIT_LOC_STRINGS = YES;
				SWIFT_VERSION = 5.0;
			};
			name = Release;
		};
		3919E0962837D02300E84CA3 /* Debug */ = {
			isa = XCBuildConfiguration;
			buildSettings = {
				ALWAYS_EMBED_SWIFT_STANDARD_LIBRARIES = YES;
				CODE_SIGN_STYLE = Automatic;
				CURRENT_PROJECT_VERSION = 1;
				GENERATE_INFOPLIST_FILE = YES;
				IPHONEOS_DEPLOYMENT_TARGET = 15.2;
				MARKETING_VERSION = 1.0;
				PRODUCT_BUNDLE_IDENTIFIER = "Ingrid.Tests-iOS";
				PRODUCT_NAME = "$(TARGET_NAME)";
				SDKROOT = iphoneos;
				SWIFT_EMIT_LOC_STRINGS = NO;
				SWIFT_VERSION = 5.0;
				TARGETED_DEVICE_FAMILY = "1,2";
				TEST_TARGET_NAME = "CleanUV (iOS)";
			};
			name = Debug;
		};
		3919E0972837D02300E84CA3 /* Release */ = {
			isa = XCBuildConfiguration;
			buildSettings = {
				ALWAYS_EMBED_SWIFT_STANDARD_LIBRARIES = YES;
				CODE_SIGN_STYLE = Automatic;
				CURRENT_PROJECT_VERSION = 1;
				GENERATE_INFOPLIST_FILE = YES;
				IPHONEOS_DEPLOYMENT_TARGET = 15.2;
				MARKETING_VERSION = 1.0;
				PRODUCT_BUNDLE_IDENTIFIER = "Ingrid.Tests-iOS";
				PRODUCT_NAME = "$(TARGET_NAME)";
				SDKROOT = iphoneos;
				SWIFT_EMIT_LOC_STRINGS = NO;
				SWIFT_VERSION = 5.0;
				TARGETED_DEVICE_FAMILY = "1,2";
				TEST_TARGET_NAME = "CleanUV (iOS)";
				VALIDATE_PRODUCT = YES;
			};
			name = Release;
		};
		3919E0992837D02300E84CA3 /* Debug */ = {
			isa = XCBuildConfiguration;
			buildSettings = {
				ALWAYS_EMBED_SWIFT_STANDARD_LIBRARIES = YES;
				CODE_SIGN_STYLE = Automatic;
				CURRENT_PROJECT_VERSION = 1;
				GENERATE_INFOPLIST_FILE = YES;
				MACOSX_DEPLOYMENT_TARGET = 11.6;
				MARKETING_VERSION = 1.0;
				PRODUCT_BUNDLE_IDENTIFIER = "Ingrid.Tests-macOS";
				PRODUCT_NAME = "$(TARGET_NAME)";
				SDKROOT = macosx;
				SWIFT_EMIT_LOC_STRINGS = NO;
				SWIFT_VERSION = 5.0;
				TEST_TARGET_NAME = "CleanUV (macOS)";
			};
			name = Debug;
		};
		3919E09A2837D02300E84CA3 /* Release */ = {
			isa = XCBuildConfiguration;
			buildSettings = {
				ALWAYS_EMBED_SWIFT_STANDARD_LIBRARIES = YES;
				CODE_SIGN_STYLE = Automatic;
				CURRENT_PROJECT_VERSION = 1;
				GENERATE_INFOPLIST_FILE = YES;
				MACOSX_DEPLOYMENT_TARGET = 11.6;
				MARKETING_VERSION = 1.0;
				PRODUCT_BUNDLE_IDENTIFIER = "Ingrid.Tests-macOS";
				PRODUCT_NAME = "$(TARGET_NAME)";
				SDKROOT = macosx;
				SWIFT_EMIT_LOC_STRINGS = NO;
				SWIFT_VERSION = 5.0;
				TEST_TARGET_NAME = "CleanUV (macOS)";
			};
			name = Release;
		};
/* End XCBuildConfiguration section */

/* Begin XCConfigurationList section */
		3919E05D2837D02200E84CA3 /* Build configuration list for PBXProject "CleanUV" */ = {
			isa = XCConfigurationList;
			buildConfigurations = (
				3919E08D2837D02300E84CA3 /* Debug */,
				3919E08E2837D02300E84CA3 /* Release */,
			);
			defaultConfigurationIsVisible = 0;
			defaultConfigurationName = Release;
		};
		3919E08F2837D02300E84CA3 /* Build configuration list for PBXNativeTarget "CleanUV (iOS)" */ = {
			isa = XCConfigurationList;
			buildConfigurations = (
				3919E0902837D02300E84CA3 /* Debug */,
				3919E0912837D02300E84CA3 /* Release */,
			);
			defaultConfigurationIsVisible = 0;
			defaultConfigurationName = Release;
		};
		3919E0922837D02300E84CA3 /* Build configuration list for PBXNativeTarget "CleanUV (macOS)" */ = {
			isa = XCConfigurationList;
			buildConfigurations = (
				3919E0932837D02300E84CA3 /* Debug */,
				3919E0942837D02300E84CA3 /* Release */,
			);
			defaultConfigurationIsVisible = 0;
			defaultConfigurationName = Release;
		};
		3919E0952837D02300E84CA3 /* Build configuration list for PBXNativeTarget "Tests iOS" */ = {
			isa = XCConfigurationList;
			buildConfigurations = (
				3919E0962837D02300E84CA3 /* Debug */,
				3919E0972837D02300E84CA3 /* Release */,
			);
			defaultConfigurationIsVisible = 0;
			defaultConfigurationName = Release;
		};
		3919E0982837D02300E84CA3 /* Build configuration list for PBXNativeTarget "Tests macOS" */ = {
			isa = XCConfigurationList;
			buildConfigurations = (
				3919E0992837D02300E84CA3 /* Debug */,
				3919E09A2837D02300E84CA3 /* Release */,
			);
			defaultConfigurationIsVisible = 0;
			defaultConfigurationName = Release;
		};
/* End XCConfigurationList section */

/* Begin XCRemoteSwiftPackageReference section */
		3919E0A02837D80B00E84CA3 /* XCRemoteSwiftPackageReference "firebase-ios-sdk" */ = {
			isa = XCRemoteSwiftPackageReference;
			repositoryURL = "https://github.com/firebase/firebase-ios-sdk";
			requirement = {
				kind = exactVersion;
				version = 9.0.0;
			};
		};
		BAA3551F284ACDCB00A1069B /* XCRemoteSwiftPackageReference "firebase-ios-sdk" */ = {
			isa = XCRemoteSwiftPackageReference;
			repositoryURL = "https://github.com/firebase/firebase-ios-sdk";
			requirement = {
				branch = master;
				kind = branch;
			};
		};
/* End XCRemoteSwiftPackageReference section */

/* Begin XCSwiftPackageProductDependency section */
		3919E0A12837D80B00E84CA3 /* FirebaseAnalytics */ = {
			isa = XCSwiftPackageProductDependency;
			package = 3919E0A02837D80B00E84CA3 /* XCRemoteSwiftPackageReference "firebase-ios-sdk" */;
			productName = FirebaseAnalytics;
		};
		3919E0A32837D80B00E84CA3 /* FirebaseAnalyticsSwift */ = {
			isa = XCSwiftPackageProductDependency;
			package = 3919E0A02837D80B00E84CA3 /* XCRemoteSwiftPackageReference "firebase-ios-sdk" */;
			productName = FirebaseAnalyticsSwift;
		};
		3919E0A52837D80B00E84CA3 /* FirebaseAnalyticsWithoutAdIdSupport */ = {
			isa = XCSwiftPackageProductDependency;
			package = 3919E0A02837D80B00E84CA3 /* XCRemoteSwiftPackageReference "firebase-ios-sdk" */;
			productName = FirebaseAnalyticsWithoutAdIdSupport;
		};
		3919E0A72837D80B00E84CA3 /* FirebaseAuth */ = {
			isa = XCSwiftPackageProductDependency;
			package = 3919E0A02837D80B00E84CA3 /* XCRemoteSwiftPackageReference "firebase-ios-sdk" */;
			productName = FirebaseAuth;
		};
		3919E0A92837D80B00E84CA3 /* FirebaseAuthCombine-Community */ = {
			isa = XCSwiftPackageProductDependency;
			package = 3919E0A02837D80B00E84CA3 /* XCRemoteSwiftPackageReference "firebase-ios-sdk" */;
			productName = "FirebaseAuthCombine-Community";
		};
		3919E0AB2837D80B00E84CA3 /* FirebaseDatabase */ = {
			isa = XCSwiftPackageProductDependency;
			package = 3919E0A02837D80B00E84CA3 /* XCRemoteSwiftPackageReference "firebase-ios-sdk" */;
			productName = FirebaseDatabase;
		};
		3919E0AD2837D80B00E84CA3 /* FirebaseDatabaseSwift */ = {
			isa = XCSwiftPackageProductDependency;
			package = 3919E0A02837D80B00E84CA3 /* XCRemoteSwiftPackageReference "firebase-ios-sdk" */;
			productName = FirebaseDatabaseSwift;
		};
		3919E0AF2837D80B00E84CA3 /* FirebaseFirestore */ = {
			isa = XCSwiftPackageProductDependency;
			package = 3919E0A02837D80B00E84CA3 /* XCRemoteSwiftPackageReference "firebase-ios-sdk" */;
			productName = FirebaseFirestore;
		};
		3919E0B12837D80B00E84CA3 /* FirebaseFirestoreCombine-Community */ = {
			isa = XCSwiftPackageProductDependency;
			package = 3919E0A02837D80B00E84CA3 /* XCRemoteSwiftPackageReference "firebase-ios-sdk" */;
			productName = "FirebaseFirestoreCombine-Community";
		};
		3919E0B32837D80B00E84CA3 /* FirebaseFirestoreSwift */ = {
			isa = XCSwiftPackageProductDependency;
			package = 3919E0A02837D80B00E84CA3 /* XCRemoteSwiftPackageReference "firebase-ios-sdk" */;
			productName = FirebaseFirestoreSwift;
		};
/* End XCSwiftPackageProductDependency section */
	};
	rootObject = 3919E05A2837D02200E84CA3 /* Project object */;
}
